
Microsoft Visual Studio Solution File, Format Version 12.00
# Visual Studio Version 17
VisualStudioVersion = 17.1.32319.34
MinimumVisualStudioVersion = 10.0.40219.1
Project("{9A19103F-16F7-4668-BE54-9A1E7A4F7556}") = "ScaleSourceWeb", "ScaleSourceWeb.csproj", "{68758A5D-E3D8-46D3-B41E-28FB8A6255B2}"
EndProject
Global
	GlobalSection(SolutionConfigurationPlatforms) = preSolution
		Debug|Any CPU = Debug|Any CPU
		Release|Any CPU = Release|Any CPU
	EndGlobalSection
	GlobalSection(ProjectConfigurationPlatforms) = postSolution
		{68758A5D-E3D8-46D3-B41E-28FB8A6255B2}.Debug|Any CPU.ActiveCfg = Debug|Any CPU
		{68758A5D-E3D8-46D3-B41E-28FB8A6255B2}.Debug|Any CPU.Build.0 = Debug|Any CPU
		{68758A5D-E3D8-46D3-B41E-28FB8A6255B2}.Release|Any CPU.ActiveCfg = Release|Any CPU
		{68758A5D-E3D8-46D3-B41E-28FB8A6255B2}.Release|Any CPU.Build.0 = Release|Any CPU
	EndGlobalSection
	GlobalSection(SolutionProperties) = preSolution
		HideSolutionNode = FALSE
	EndGlobalSection
	GlobalSection(ExtensibilityGlobals) = postSolution
		SolutionGuid = {95E84331-94E2-4168-BCEB-4838A3101BFC}
	EndGlobalSection
EndGlobal
